
Microsoft Visual Studio Solution File, Format Version 12.00
# Visual Studio Version 17
VisualStudioVersion = 17.0.31912.275
MinimumVisualStudioVersion = 10.0.40219.1
Project("{F184B08F-C81C-45F6-A57F-5ABD9991F28F}") = "Practical Task 1", "Practical Task 1.vbproj", "{283C0FAA-1A36-435F-B36A-22E5394CDA6A}"
EndProject
Global
	GlobalSection(SolutionConfigurationPlatforms) = preSolution
		Debug|Any CPU = Debug|Any CPU
		Release|Any CPU = Release|Any CPU
	EndGlobalSection
	GlobalSection(ProjectConfigurationPlatforms) = postSolution
		{283C0FAA-1A36-435F-B36A-22E5394CDA6A}.Debug|Any CPU.ActiveCfg = Debug|Any CPU
		{283C0FAA-1A36-435F-B36A-22E5394CDA6A}.Debug|Any CPU.Build.0 = Debug|Any CPU
		{283C0FAA-1A36-435F-B36A-22E5394CDA6A}.Release|Any CPU.ActiveCfg = Release|Any CPU
		{283C0FAA-1A36-435F-B36A-22E5394CDA6A}.Release|Any CPU.Build.0 = Release|Any CPU
	EndGlobalSection
	GlobalSection(SolutionProperties) = preSolution
		HideSolutionNode = FALSE
	EndGlobalSection
	GlobalSection(ExtensibilityGlobals) = postSolution
		SolutionGuid = {AFE1202C-88E7-4F7C-BAED-5FAE526C3649}
	EndGlobalSection
EndGlobal
