
Microsoft Visual Studio Solution File, Format Version 12.00
# Visual Studio Version 17
VisualStudioVersion = 17.0.31912.275
MinimumVisualStudioVersion = 10.0.40219.1
Project("{F184B08F-C81C-45F6-A57F-5ABD9991F28F}") = "Circle PC2", "Circle PC2.vbproj", "{5F8783BE-3769-4BD4-9F11-77D3A37F842D}"
EndProject
Global
	GlobalSection(SolutionConfigurationPlatforms) = preSolution
		Debug|Any CPU = Debug|Any CPU
		Release|Any CPU = Release|Any CPU
	EndGlobalSection
	GlobalSection(ProjectConfigurationPlatforms) = postSolution
		{5F8783BE-3769-4BD4-9F11-77D3A37F842D}.Debug|Any CPU.ActiveCfg = Debug|Any CPU
		{5F8783BE-3769-4BD4-9F11-77D3A37F842D}.Debug|Any CPU.Build.0 = Debug|Any CPU
		{5F8783BE-3769-4BD4-9F11-77D3A37F842D}.Release|Any CPU.ActiveCfg = Release|Any CPU
		{5F8783BE-3769-4BD4-9F11-77D3A37F842D}.Release|Any CPU.Build.0 = Release|Any CPU
	EndGlobalSection
	GlobalSection(SolutionProperties) = preSolution
		HideSolutionNode = FALSE
	EndGlobalSection
	GlobalSection(ExtensibilityGlobals) = postSolution
		SolutionGuid = {835E046A-8A1E-4EF6-A852-50A6E9DE9EB5}
	EndGlobalSection
EndGlobal
