
Microsoft Visual Studio Solution File, Format Version 12.00
# Visual Studio Version 17
VisualStudioVersion = 17.0.31919.166
MinimumVisualStudioVersion = 10.0.40219.1
Project("{F184B08F-C81C-45F6-A57F-5ABD9991F28F}") = "if_else_statement", "if_else_statement.vbproj", "{198C2434-D92A-4699-86B1-9E28420E3858}"
EndProject
Global
	GlobalSection(SolutionConfigurationPlatforms) = preSolution
		Debug|Any CPU = Debug|Any CPU
		Release|Any CPU = Release|Any CPU
	EndGlobalSection
	GlobalSection(ProjectConfigurationPlatforms) = postSolution
		{198C2434-D92A-4699-86B1-9E28420E3858}.Debug|Any CPU.ActiveCfg = Debug|Any CPU
		{198C2434-D92A-4699-86B1-9E28420E3858}.Debug|Any CPU.Build.0 = Debug|Any CPU
		{198C2434-D92A-4699-86B1-9E28420E3858}.Release|Any CPU.ActiveCfg = Release|Any CPU
		{198C2434-D92A-4699-86B1-9E28420E3858}.Release|Any CPU.Build.0 = Release|Any CPU
	EndGlobalSection
	GlobalSection(SolutionProperties) = preSolution
		HideSolutionNode = FALSE
	EndGlobalSection
	GlobalSection(ExtensibilityGlobals) = postSolution
		SolutionGuid = {88CE14B5-46FE-4A86-98AB-1648BA11B063}
	EndGlobalSection
EndGlobal
