
Microsoft Visual Studio Solution File, Format Version 12.00
# Visual Studio Version 17
VisualStudioVersion = 17.0.32002.185
MinimumVisualStudioVersion = 10.0.40219.1
Project("{F184B08F-C81C-45F6-A57F-5ABD9991F28F}") = "PracticalCopy5", "PracticalCopy5.vbproj", "{1A6470FE-C09A-4A2E-9174-C1BF0295AED5}"
EndProject
Global
	GlobalSection(SolutionConfigurationPlatforms) = preSolution
		Debug|Any CPU = Debug|Any CPU
		Release|Any CPU = Release|Any CPU
	EndGlobalSection
	GlobalSection(ProjectConfigurationPlatforms) = postSolution
		{1A6470FE-C09A-4A2E-9174-C1BF0295AED5}.Debug|Any CPU.ActiveCfg = Debug|Any CPU
		{1A6470FE-C09A-4A2E-9174-C1BF0295AED5}.Debug|Any CPU.Build.0 = Debug|Any CPU
		{1A6470FE-C09A-4A2E-9174-C1BF0295AED5}.Release|Any CPU.ActiveCfg = Release|Any CPU
		{1A6470FE-C09A-4A2E-9174-C1BF0295AED5}.Release|Any CPU.Build.0 = Release|Any CPU
	EndGlobalSection
	GlobalSection(SolutionProperties) = preSolution
		HideSolutionNode = FALSE
	EndGlobalSection
	GlobalSection(ExtensibilityGlobals) = postSolution
		SolutionGuid = {6EB8C008-5E1E-4135-BD6C-4F2C563B5A08}
	EndGlobalSection
EndGlobal
